
Microsoft Visual Studio Solution File, Format Version 12.00
# Visual Studio 15
VisualStudioVersion = 15.0.28307.960
MinimumVisualStudioVersion = 10.0.40219.1
Project("{8BC9CEB8-8B4A-11D0-8D11-00A0C91BC942}") = "Template", "Template\Template.vcxproj", "{411F8701-71CE-4BCD-B80E-42A9650F2752}"
EndProject
Global
	GlobalSection(SolutionConfigurationPlatforms) = preSolution
		Debug|x64 = Debug|x64
		Debug|x86 = Debug|x86
		Release|x64 = Release|x64
		Release|x86 = Release|x86
	EndGlobalSection
	GlobalSection(ProjectConfigurationPlatforms) = postSolution
		{411F8701-71CE-4BCD-B80E-42A9650F2752}.Debug|x64.ActiveCfg = Debug|x64
		{411F8701-71CE-4BCD-B80E-42A9650F2752}.Debug|x64.Build.0 = Debug|x64
		{411F8701-71CE-4BCD-B80E-42A9650F2752}.Debug|x86.ActiveCfg = Debug|Win32
		{411F8701-71CE-4BCD-B80E-42A9650F2752}.Debug|x86.Build.0 = Debug|Win32
		{411F8701-71CE-4BCD-B80E-42A9650F2752}.Release|x64.ActiveCfg = Release|x64
		{411F8701-71CE-4BCD-B80E-42A9650F2752}.Release|x64.Build.0 = Release|x64
		{411F8701-71CE-4BCD-B80E-42A9650F2752}.Release|x86.ActiveCfg = Release|Win32
		{411F8701-71CE-4BCD-B80E-42A9650F2752}.Release|x86.Build.0 = Release|Win32
	EndGlobalSection
	GlobalSection(SolutionProperties) = preSolution
		HideSolutionNode = FALSE
	EndGlobalSection
	GlobalSection(ExtensibilityGlobals) = postSolution
		SolutionGuid = {5754BA66-39E3-4735-9216-5375A3E81697}
	EndGlobalSection
EndGlobal
