<?xml version="1.0" encoding="utf-8"?>
<Project ToolsVersion="4.0" xmlns="http://schemas.microsoft.com/developer/msbuild/2003">
  <ItemGroup>
    <Filter Include="ソース ファイル">
      <UniqueIdentifier>{4FC737F1-C7A5-4376-A066-2A32D752A2FF}</UniqueIdentifier>
      <Extensions>cpp;c;cc;cxx;def;odl;idl;hpj;bat;asm;asmx</Extensions>
    </Filter>
    <Filter Include="ヘッダー ファイル">
      <UniqueIdentifier>{93995380-89BD-4b04-88EB-625FBE52EBFB}</UniqueIdentifier>
      <Extensions>h;hh;hpp;hxx;hm;inl;inc;ipp;xsd</Extensions>
    </Filter>
    <Filter Include="リソース ファイル">
      <UniqueIdentifier>{67DA6AB6-F800-4c08-8B7A-83BB121AAD01}</UniqueIdentifier>
      <Extensions>rc;ico;cur;bmp;dlg;rc2;rct;bin;rgs;gif;jpg;jpeg;jpe;resx;tiff;tif;png;wav;mfcribbon-ms</Extensions>
    </Filter>
    <Filter Include="Feedback">
      <UniqueIdentifier>{2f8200c3-9574-441b-9416-7728d4ce5b41}</UniqueIdentifier>
    </Filter>
    <Filter Include="ADSR">
      <UniqueIdentifier>{0aca3739-372e-4a62-97d4-ad1f5a0504e9}</UniqueIdentifier>
    </Filter>
    <Filter Include="Envelope">
      <UniqueIdentifier>{0ac168e2-ef1a-42fc-99b1-58f8e99728bb}</UniqueIdentifier>
    </Filter>
    <Filter Include="Operator">
      <UniqueIdentifier>{ac97b666-109e-4448-9dff-3fbfb46eaba2}</UniqueIdentifier>
    </Filter>
    <Filter Include="Modulator">
      <UniqueIdentifier>{c4590557-baf1-4a4c-9d5a-d2e59f7ba879}</UniqueIdentifier>
    </Filter>
    <Filter Include="Parameter">
      <UniqueIdentifier>{7741d013-f941-48ff-a197-ce12ec656b85}</UniqueIdentifier>
    </Filter>
    <Filter Include="Function">
      <UniqueIdentifier>{7e7becd2-1e3c-4c1f-b5e3-4e7c37965b7b}</UniqueIdentifier>
    </Filter>
    <Filter Include="Time">
      <UniqueIdentifier>{8c7787b8-6110-45fb-b51f-a43b741e4e30}</UniqueIdentifier>
    </Filter>
  </ItemGroup>
  <ItemGroup>
    <ClCompile Include="Main.cpp">
      <Filter>ソース ファイル</Filter>
    </ClCompile>
    <ClCompile Include="Feedback\Feedback.cpp">
      <Filter>Feedback</Filter>
    </ClCompile>
    <ClCompile Include="ADSR\ADSR.cpp">
      <Filter>ADSR</Filter>
    </ClCompile>
    <ClCompile Include="Envelope\Envelope.cpp">
      <Filter>Envelope</Filter>
    </ClCompile>
    <ClCompile Include="Operator\Operator.cpp">
      <Filter>Operator</Filter>
    </ClCompile>
    <ClCompile Include="Modulator\Modulator.cpp">
      <Filter>Modulator</Filter>
    </ClCompile>
    <ClCompile Include="Parameter\Parameter.cpp">
      <Filter>Parameter</Filter>
    </ClCompile>
    <ClCompile Include="Function\Function.cpp">
      <Filter>Function</Filter>
    </ClCompile>
    <ClCompile Include="Time\Time.cpp">
      <Filter>Time</Filter>
    </ClCompile>
  </ItemGroup>
  <ItemGroup>
    <ClInclude Include="Feedback\Feedback.h">
      <Filter>Feedback</Filter>
    </ClInclude>
    <ClInclude Include="SinTbl.h">
      <Filter>ヘッダー ファイル</Filter>
    </ClInclude>
    <ClInclude Include="ADSR\ADSR.h">
      <Filter>ADSR</Filter>
    </ClInclude>
    <ClInclude Include="Info.h">
      <Filter>ヘッダー ファイル</Filter>
    </ClInclude>
    <ClInclude Include="Envelope\Envelope.h">
      <Filter>Envelope</Filter>
    </ClInclude>
    <ClInclude Include="Operator\Operator.h">
      <Filter>Operator</Filter>
    </ClInclude>
    <ClInclude Include="Modulator\Modulator.h">
      <Filter>Modulator</Filter>
    </ClInclude>
    <ClInclude Include="Parameter\Parameter.h">
      <Filter>Parameter</Filter>
    </ClInclude>
    <ClInclude Include="Function\Function.h">
      <Filter>Function</Filter>
    </ClInclude>
    <ClInclude Include="Time\Time.h">
      <Filter>Time</Filter>
    </ClInclude>
  </ItemGroup>
</Project>